// !$*UTF8*$!
{
	archiveVersion = 1;
	classes = {
	};
	objectVersion = 48;
	objects = {

/* Begin PBXBuildFile section */
		75CE4AD81FFA615500AF0986 /* AppDelegate.swift in Sources */ = {isa = PBXBuildFile; fileRef = 75CE4AD71FFA615500AF0986 /* AppDelegate.swift */; };
		75CE4ADA1FFA615500AF0986 /* ViewController.swift in Sources */ = {isa = PBXBuildFile; fileRef = 75CE4AD91FFA615500AF0986 /* ViewController.swift */; };
		75CE4ADD1FFA615500AF0986 /* Main.storyboard in Resources */ = {isa = PBXBuildFile; fileRef = 75CE4ADB1FFA615500AF0986 /* Main.storyboard */; };
		75CE4ADF1FFA615500AF0986 /* Assets.xcassets in Resources */ = {isa = PBXBuildFile; fileRef = 75CE4ADE1FFA615500AF0986 /* Assets.xcassets */; };
		75CE4AE21FFA615500AF0986 /* LaunchScreen.storyboard in Resources */ = {isa = PBXBuildFile; fileRef = 75CE4AE01FFA615500AF0986 /* LaunchScreen.storyboard */; };
		75CE4AEB1FFA621D00AF0986 /* MSAL.framework in Frameworks */ = {isa = PBXBuildFile; fileRef = 75CE4AEA1FFA621D00AF0986 /* MSAL.framework */; };
/* End PBXBuildFile section */

/* Begin PBXFileReference section */
		75CE4AD41FFA615500AF0986 /* Outlook Demo.app */ = {isa = PBXFileReference; explicitFileType = wrapper.application; includeInIndex = 0; path = "Outlook Demo.app"; sourceTree = BUILT_PRODUCTS_DIR; };
		75CE4AD71FFA615500AF0986 /* AppDelegate.swift */ = {isa = PBXFileReference; lastKnownFileType = sourcecode.swift; path = AppDelegate.swift; sourceTree = "<group>"; };
		75CE4AD91FFA615500AF0986 /* ViewController.swift */ = {isa = PBXFileReference; lastKnownFileType = sourcecode.swift; path = ViewController.swift; sourceTree = "<group>"; };
		75CE4ADC1FFA615500AF0986 /* Base */ = {isa = PBXFileReference; lastKnownFileType = file.storyboard; name = Base; path = Base.lproj/Main.storyboard; sourceTree = "<group>"; };
		75CE4ADE1FFA615500AF0986 /* Assets.xcassets */ = {isa = PBXFileReference; lastKnownFileType = folder.assetcatalog; path = Assets.xcassets; sourceTree = "<group>"; };
		75CE4AE11FFA615500AF0986 /* Base */ = {isa = PBXFileReference; lastKnownFileType = file.storyboard; name = Base; path = Base.lproj/LaunchScreen.storyboard; sourceTree = "<group>"; };
		75CE4AE31FFA615500AF0986 /* Info.plist */ = {isa = PBXFileReference; lastKnownFileType = text.plist.xml; path = Info.plist; sourceTree = "<group>"; };
		75CE4AEA1FFA621D00AF0986 /* MSAL.framework */ = {isa = PBXFileReference; lastKnownFileType = wrapper.framework; name = MSAL.framework; path = Carthage/Build/iOS/MSAL.framework; sourceTree = "<group>"; };
/* End PBXFileReference section */

/* Begin PBXFrameworksBuildPhase section */
		75CE4AD11FFA615500AF0986 /* Frameworks */ = {
			isa = PBXFrameworksBuildPhase;
			buildActionMask = 2147483647;
			files = (
				75CE4AEB1FFA621D00AF0986 /* MSAL.framework in Frameworks */,
			);
			runOnlyForDeploymentPostprocessing = 0;
		};
/* End PBXFrameworksBuildPhase section */

/* Begin PBXGroup section */
		75CE4ACB1FFA615500AF0986 = {
			isa = PBXGroup;
			children = (
				75CE4AD61FFA615500AF0986 /* Outlook Demo */,
				75CE4AD51FFA615500AF0986 /* Products */,
				75CE4AE91FFA621D00AF0986 /* Frameworks */,
			);
			sourceTree = "<group>";
		};
		75CE4AD51FFA615500AF0986 /* Products */ = {
			isa = PBXGroup;
			children = (
				75CE4AD41FFA615500AF0986 /* Outlook Demo.app */,
			);
			name = Products;
			sourceTree = "<group>";
		};
		75CE4AD61FFA615500AF0986 /* Outlook Demo */ = {
			isa = PBXGroup;
			children = (
				75CE4AD71FFA615500AF0986 /* AppDelegate.swift */,
				75CE4AD91FFA615500AF0986 /* ViewController.swift */,
				75CE4ADB1FFA615500AF0986 /* Main.storyboard */,
				75CE4ADE1FFA615500AF0986 /* Assets.xcassets */,
				75CE4AE01FFA615500AF0986 /* LaunchScreen.storyboard */,
				75CE4AE31FFA615500AF0986 /* Info.plist */,
			);
			path = "Outlook Demo";
			sourceTree = "<group>";
		};
		75CE4AE91FFA621D00AF0986 /* Frameworks */ = {
			isa = PBXGroup;
			children = (
				75CE4AEA1FFA621D00AF0986 /* MSAL.framework */,
			);
			name = Frameworks;
			sourceTree = "<group>";
		};
/* End PBXGroup section */

/* Begin PBXNativeTarget section */
		75CE4AD31FFA615500AF0986 /* Outlook Demo */ = {
			isa = PBXNativeTarget;
			buildConfigurationList = 75CE4AE61FFA615500AF0986 /* Build configuration list for PBXNativeTarget "Outlook Demo" */;
			buildPhases = (
				75CE4AD01FFA615500AF0986 /* Sources */,
				75CE4AD11FFA615500AF0986 /* Frameworks */,
				75CE4AD21FFA615500AF0986 /* Resources */,
				75CE4AEC1FFA623100AF0986 /* ShellScript */,
			);
			buildRules = (
			);
			dependencies = (
			);
			name = "Outlook Demo";
			productName = "Outlook Demo";
			productReference = 75CE4AD41FFA615500AF0986 /* Outlook Demo.app */;
			productType = "com.apple.product-type.application";
		};
/* End PBXNativeTarget section */

/* Begin PBXProject section */
		75CE4ACC1FFA615500AF0986 /* Project object */ = {
			isa = PBXProject;
			attributes = {
				LastSwiftUpdateCheck = 0920;
				LastUpgradeCheck = 0920;
				ORGANIZATIONNAME = ParthSoni;
				TargetAttributes = {
					75CE4AD31FFA615500AF0986 = {
						CreatedOnToolsVersion = 9.2;
						ProvisioningStyle = Manual;
					};
				};
			};
			buildConfigurationList = 75CE4ACF1FFA615500AF0986 /* Build configuration list for PBXProject "Outlook Demo" */;
			compatibilityVersion = "Xcode 8.0";
			developmentRegion = en;
			hasScannedForEncodings = 0;
			knownRegions = (
				en,
				Base,
			);
			mainGroup = 75CE4ACB1FFA615500AF0986;
			productRefGroup = 75CE4AD51FFA615500AF0986 /* Products */;
			projectDirPath = "";
			projectRoot = "";
			targets = (
				75CE4AD31FFA615500AF0986 /* Outlook Demo */,
			);
		};
/* End PBXProject section */

/* Begin PBXResourcesBuildPhase section */
		75CE4AD21FFA615500AF0986 /* Resources */ = {
			isa = PBXResourcesBuildPhase;
			buildActionMask = 2147483647;
			files = (
				75CE4AE21FFA615500AF0986 /* LaunchScreen.storyboard in Resources */,
				75CE4ADF1FFA615500AF0986 /* Assets.xcassets in Resources */,
				75CE4ADD1FFA615500AF0986 /* Main.storyboard in Resources */,
			);
			runOnlyForDeploymentPostprocessing = 0;
		};
/* End PBXResourcesBuildPhase section */

/* Begin PBXShellScriptBuildPhase section */
		75CE4AEC1FFA623100AF0986 /* ShellScript */ = {
			isa = PBXShellScriptBuildPhase;
			buildActionMask = 2147483647;
			files = (
			);
			inputPaths = (
				"$(SRCROOT)/Carthage/Build/iOS/MSAL.framework",
			);
			outputPaths = (
			);
			runOnlyForDeploymentPostprocessing = 0;
			shellPath = /bin/sh;
			shellScript = "/usr/local/bin/carthage copy-frameworks";
		};
/* End PBXShellScriptBuildPhase section */

/* Begin PBXSourcesBuildPhase section */
		75CE4AD01FFA615500AF0986 /* Sources */ = {
			isa = PBXSourcesBuildPhase;
			buildActionMask = 2147483647;
			files = (
				75CE4ADA1FFA615500AF0986 /* ViewController.swift in Sources */,
				75CE4AD81FFA615500AF0986 /* AppDelegate.swift in Sources */,
			);
			runOnlyForDeploymentPostprocessing = 0;
		};
/* End PBXSourcesBuildPhase section */

/* Begin PBXVariantGroup section */
		75CE4ADB1FFA615500AF0986 /* Main.storyboard */ = {
			isa = PBXVariantGroup;
			children = (
				75CE4ADC1FFA615500AF0986 /* Base */,
			);
			name = Main.storyboard;
			sourceTree = "<group>";
		};
		75CE4AE01FFA615500AF0986 /* LaunchScreen.storyboard */ = {
			isa = PBXVariantGroup;
			children = (
				75CE4AE11FFA615500AF0986 /* Base */,
			);
			name = LaunchScreen.storyboard;
			sourceTree = "<group>";
		};
/* End PBXVariantGroup section */

/* Begin XCBuildConfiguration section */
		75CE4AE41FFA615500AF0986 /* Debug */ = {
			isa = XCBuildConfiguration;
			buildSettings = {
				ALWAYS_SEARCH_USER_PATHS = NO;
				CLANG_ANALYZER_NONNULL = YES;
				CLANG_ANALYZER_NUMBER_OBJECT_CONVERSION = YES_AGGRESSIVE;
				CLANG_CXX_LANGUAGE_STANDARD = "gnu++14";
				CLANG_CXX_LIBRARY = "libc++";
				CLANG_ENABLE_MODULES = YES;
				CLANG_ENABLE_OBJC_ARC = YES;
				CLANG_WARN_BLOCK_CAPTURE_AUTORELEASING = YES;
				CLANG_WARN_BOOL_CONVERSION = YES;
				CLANG_WARN_COMMA = YES;
				CLANG_WARN_CONSTANT_CONVERSION = YES;
				CLANG_WARN_DIRECT_OBJC_ISA_USAGE = YES_ERROR;
				CLANG_WARN_DOCUMENTATION_COMMENTS = YES;
				CLANG_WARN_EMPTY_BODY = YES;
				CLANG_WARN_ENUM_CONVERSION = YES;
				CLANG_WARN_INFINITE_RECURSION = YES;
				CLANG_WARN_INT_CONVERSION = YES;
				CLANG_WARN_NON_LITERAL_NULL_CONVERSION = YES;
				CLANG_WARN_OBJC_LITERAL_CONVERSION = YES;
				CLANG_WARN_OBJC_ROOT_CLASS = YES_ERROR;
				CLANG_WARN_RANGE_LOOP_ANALYSIS = YES;
				CLANG_WARN_STRICT_PROTOTYPES = YES;
				CLANG_WARN_SUSPICIOUS_MOVE = YES;
				CLANG_WARN_UNGUARDED_AVAILABILITY = YES_AGGRESSIVE;
				CLANG_WARN_UNREACHABLE_CODE = YES;
				CLANG_WARN__DUPLICATE_METHOD_MATCH = YES;
				CODE_SIGN_IDENTITY = "iPhone Developer";
				COPY_PHASE_STRIP = NO;
				DEBUG_INFORMATION_FORMAT = dwarf;
				ENABLE_STRICT_OBJC_MSGSEND = YES;
				ENABLE_TESTABILITY = YES;
				GCC_C_LANGUAGE_STANDARD = gnu11;
				GCC_DYNAMIC_NO_PIC = NO;
				GCC_NO_COMMON_BLOCKS = YES;
				GCC_OPTIMIZATION_LEVEL = 0;
				GCC_PREPROCESSOR_DEFINITIONS = (
					"DEBUG=1",
					"$(inherited)",
				);
				GCC_WARN_64_TO_32_BIT_CONVERSION = YES;
				GCC_WARN_ABOUT_RETURN_TYPE = YES_ERROR;
				GCC_WARN_UNDECLARED_SELECTOR = YES;
				GCC_WARN_UNINITIALIZED_AUTOS = YES_AGGRESSIVE;
				GCC_WARN_UNUSED_FUNCTION = YES;
				GCC_WARN_UNUSED_VARIABLE = YES;
				IPHONEOS_DEPLOYMENT_TARGET = 11.2;
				MTL_ENABLE_DEBUG_INFO = YES;
				ONLY_ACTIVE_ARCH = YES;
				SDKROOT = iphoneos;
				SWIFT_ACTIVE_COMPILATION_CONDITIONS = DEBUG;
				SWIFT_OPTIMIZATION_LEVEL = "-Onone";
			};
			name = Debug;
		};
		75CE4AE51FFA615500AF0986 /* Release */ = {
			isa = XCBuildConfiguration;
			buildSettings = {
				ALWAYS_SEARCH_USER_PATHS = NO;
				CLANG_ANALYZER_NONNULL = YES;
				CLANG_ANALYZER_NUMBER_OBJECT_CONVERSION = YES_AGGRESSIVE;
				CLANG_CXX_LANGUAGE_STANDARD = "gnu++14";
				CLANG_CXX_LIBRARY = "libc++";
				CLANG_ENABLE_MODULES = YES;
				CLANG_ENABLE_OBJC_ARC = YES;
				CLANG_WARN_BLOCK_CAPTURE_AUTORELEASING = YES;
				CLANG_WARN_BOOL_CONVERSION = YES;
				CLANG_WARN_COMMA = YES;
				CLANG_WARN_CONSTANT_CONVERSION = YES;
				CLANG_WARN_DIRECT_OBJC_ISA_USAGE = YES_ERROR;
				CLANG_WARN_DOCUMENTATION_COMMENTS = YES;
				CLANG_WARN_EMPTY_BODY = YES;
				CLANG_WARN_ENUM_CONVERSION = YES;
				CLANG_WARN_INFINITE_RECURSION = YES;
				CLANG_WARN_INT_CONVERSION = YES;
				CLANG_WARN_NON_LITERAL_NULL_CONVERSION = YES;
				CLANG_WARN_OBJC_LITERAL_CONVERSION = YES;
				CLANG_WARN_OBJC_ROOT_CLASS = YES_ERROR;
				CLANG_WARN_RANGE_LOOP_ANALYSIS = YES;
				CLANG_WARN_STRICT_PROTOTYPES = YES;
				CLANG_WARN_SUSPICIOUS_MOVE = YES;
				CLANG_WARN_UNGUARDED_AVAILABILITY = YES_AGGRESSIVE;
				CLANG_WARN_UNREACHABLE_CODE = YES;
				CLANG_WARN__DUPLICATE_METHOD_MATCH = YES;
				CODE_SIGN_IDENTITY = "iPhone Developer";
				COPY_PHASE_STRIP = NO;
				DEBUG_INFORMATION_FORMAT = "dwarf-with-dsym";
				ENABLE_NS_ASSERTIONS = NO;
				ENABLE_STRICT_OBJC_MSGSEND = YES;
				GCC_C_LANGUAGE_STANDARD = gnu11;
				GCC_NO_COMMON_BLOCKS = YES;
				GCC_WARN_64_TO_32_BIT_CONVERSION = YES;
				GCC_WARN_ABOUT_RETURN_TYPE = YES_ERROR;
				GCC_WARN_UNDECLARED_SELECTOR = YES;
				GCC_WARN_UNINITIALIZED_AUTOS = YES_AGGRESSIVE;
				GCC_WARN_UNUSED_FUNCTION = YES;
				GCC_WARN_UNUSED_VARIABLE = YES;
				IPHONEOS_DEPLOYMENT_TARGET = 11.2;
				MTL_ENABLE_DEBUG_INFO = NO;
				SDKROOT = iphoneos;
				SWIFT_OPTIMIZATION_LEVEL = "-Owholemodule";
				VALIDATE_PRODUCT = YES;
			};
			name = Release;
		};
		75CE4AE71FFA615500AF0986 /* Debug */ = {
			isa = XCBuildConfiguration;
			buildSettings = {
				ASSETCATALOG_COMPILER_APPICON_NAME = AppIcon;
				"CODE_SIGN_IDENTITY[sdk=iphoneos*]" = "iPhone Developer";
				CODE_SIGN_STYLE = Manual;
				DEVELOPMENT_TEAM = "";
				FRAMEWORK_SEARCH_PATHS = (
					"$(inherited)",
					"$(PROJECT_DIR)/Carthage/Build/iOS",
				);
				INFOPLIST_FILE = "Outlook Demo/Info.plist";
				IPHONEOS_DEPLOYMENT_TARGET = 10.0;
				LD_RUNPATH_SEARCH_PATHS = "$(inherited) @executable_path/Frameworks";
				PRODUCT_BUNDLE_IDENTIFIER = "com.Csoft.Outlook-Demo";
				PRODUCT_NAME = "$(TARGET_NAME)";
				PROVISIONING_PROFILE_SPECIFIER = "";
				SWIFT_VERSION = 3.0;
				TARGETED_DEVICE_FAMILY = "1,2";
			};
			name = Debug;
		};
		75CE4AE81FFA615500AF0986 /* Release */ = {
			isa = XCBuildConfiguration;
			buildSettings = {
				ASSETCATALOG_COMPILER_APPICON_NAME = AppIcon;
				"CODE_SIGN_IDENTITY[sdk=iphoneos*]" = "iPhone Developer";
				CODE_SIGN_STYLE = Manual;
				DEVELOPMENT_TEAM = "";
				FRAMEWORK_SEARCH_PATHS = (
					"$(inherited)",
					"$(PROJECT_DIR)/Carthage/Build/iOS",
				);
				INFOPLIST_FILE = "Outlook Demo/Info.plist";
				IPHONEOS_DEPLOYMENT_TARGET = 10.0;
				LD_RUNPATH_SEARCH_PATHS = "$(inherited) @executable_path/Frameworks";
				PRODUCT_BUNDLE_IDENTIFIER = "com.Csoft.Outlook-Demo";
				PRODUCT_NAME = "$(TARGET_NAME)";
				PROVISIONING_PROFILE_SPECIFIER = "";
				SWIFT_VERSION = 3.0;
				TARGETED_DEVICE_FAMILY = "1,2";
			};
			name = Release;
		};
/* End XCBuildConfiguration section */

/* Begin XCConfigurationList section */
		75CE4ACF1FFA615500AF0986 /* Build configuration list for PBXProject "Outlook Demo" */ = {
			isa = XCConfigurationList;
			buildConfigurations = (
				75CE4AE41FFA615500AF0986 /* Debug */,
				75CE4AE51FFA615500AF0986 /* Release */,
			);
			defaultConfigurationIsVisible = 0;
			defaultConfigurationName = Release;
		};
		75CE4AE61FFA615500AF0986 /* Build configuration list for PBXNativeTarget "Outlook Demo" */ = {
			isa = XCConfigurationList;
			buildConfigurations = (
				75CE4AE71FFA615500AF0986 /* Debug */,
				75CE4AE81FFA615500AF0986 /* Release */,
			);
			defaultConfigurationIsVisible = 0;
			defaultConfigurationName = Release;
		};
/* End XCConfigurationList section */
	};
	rootObject = 75CE4ACC1FFA615500AF0986 /* Project object */;
}
